// !$*UTF8*$!
{
	archiveVersion = 1;
	classes = {
	};
	objectVersion = 55;
	objects = {

/* Begin PBXBuildFile section */
		DE2E05CD282C025E00D80729 /* WeatherAppApp.swift in Sources */ = {isa = PBXBuildFile; fileRef = DE2E05CC282C025E00D80729 /* WeatherAppApp.swift */; };
		DE2E05CF282C025E00D80729 /* ContentView.swift in Sources */ = {isa = PBXBuildFile; fileRef = DE2E05CE282C025E00D80729 /* ContentView.swift */; };
		DE2E05D1282C026000D80729 /* Assets.xcassets in Resources */ = {isa = PBXBuildFile; fileRef = DE2E05D0282C026000D80729 /* Assets.xcassets */; };
		DE2E05D4282C026000D80729 /* Preview Assets.xcassets in Resources */ = {isa = PBXBuildFile; fileRef = DE2E05D3282C026000D80729 /* Preview Assets.xcassets */; };
		DE2E05DC282C035600D80729 /* LocationManager.swift in Sources */ = {isa = PBXBuildFile; fileRef = DE2E05DB282C035600D80729 /* LocationManager.swift */; };
		DE2E05DF282C051B00D80729 /* WelcomeView.swift in Sources */ = {isa = PBXBuildFile; fileRef = DE2E05DE282C051B00D80729 /* WelcomeView.swift */; };
		DE2E05E1282C085900D80729 /* LoadingView.swift in Sources */ = {isa = PBXBuildFile; fileRef = DE2E05E0282C085900D80729 /* LoadingView.swift */; };
		DE2E05E3282C0A1D00D80729 /* WeatherManager.swift in Sources */ = {isa = PBXBuildFile; fileRef = DE2E05E2282C0A1D00D80729 /* WeatherManager.swift */; };
		DE2E05E5282C0D5D00D80729 /* WeatherView.swift in Sources */ = {isa = PBXBuildFile; fileRef = DE2E05E4282C0D5D00D80729 /* WeatherView.swift */; };
		DE2E05E7282C0D8200D80729 /* ModelData.swift in Sources */ = {isa = PBXBuildFile; fileRef = DE2E05E6282C0D8200D80729 /* ModelData.swift */; };
		DE2E05E9282C0DB200D80729 /* weatherData.json in Resources */ = {isa = PBXBuildFile; fileRef = DE2E05E8282C0DB200D80729 /* weatherData.json */; };
		DE2E05EB282C0E5B00D80729 /* Extensions.swift in Sources */ = {isa = PBXBuildFile; fileRef = DE2E05EA282C0E5B00D80729 /* Extensions.swift */; };
		DE2E05EE282C13BF00D80729 /* WeatherRow.swift in Sources */ = {isa = PBXBuildFile; fileRef = DE2E05ED282C13BF00D80729 /* WeatherRow.swift */; };
/* End PBXBuildFile section */

/* Begin PBXFileReference section */
		DE2E05C9282C025E00D80729 /* WeatherApp.app */ = {isa = PBXFileReference; explicitFileType = wrapper.application; includeInIndex = 0; path = WeatherApp.app; sourceTree = BUILT_PRODUCTS_DIR; };
		DE2E05CC282C025E00D80729 /* WeatherAppApp.swift */ = {isa = PBXFileReference; lastKnownFileType = sourcecode.swift; path = WeatherAppApp.swift; sourceTree = "<group>"; };
		DE2E05CE282C025E00D80729 /* ContentView.swift */ = {isa = PBXFileReference; lastKnownFileType = sourcecode.swift; path = ContentView.swift; sourceTree = "<group>"; };
		DE2E05D0282C026000D80729 /* Assets.xcassets */ = {isa = PBXFileReference; lastKnownFileType = folder.assetcatalog; path = Assets.xcassets; sourceTree = "<group>"; };
		DE2E05D3282C026000D80729 /* Preview Assets.xcassets */ = {isa = PBXFileReference; lastKnownFileType = folder.assetcatalog; path = "Preview Assets.xcassets"; sourceTree = "<group>"; };
		DE2E05DB282C035600D80729 /* LocationManager.swift */ = {isa = PBXFileReference; lastKnownFileType = sourcecode.swift; path = LocationManager.swift; sourceTree = "<group>"; };
		DE2E05DE282C051B00D80729 /* WelcomeView.swift */ = {isa = PBXFileReference; lastKnownFileType = sourcecode.swift; path = WelcomeView.swift; sourceTree = "<group>"; };
		DE2E05E0282C085900D80729 /* LoadingView.swift */ = {isa = PBXFileReference; lastKnownFileType = sourcecode.swift; path = LoadingView.swift; sourceTree = "<group>"; };
		DE2E05E2282C0A1D00D80729 /* WeatherManager.swift */ = {isa = PBXFileReference; lastKnownFileType = sourcecode.swift; path = WeatherManager.swift; sourceTree = "<group>"; };
		DE2E05E4282C0D5D00D80729 /* WeatherView.swift */ = {isa = PBXFileReference; lastKnownFileType = sourcecode.swift; path = WeatherView.swift; sourceTree = "<group>"; };
		DE2E05E6282C0D8200D80729 /* ModelData.swift */ = {isa = PBXFileReference; lastKnownFileType = sourcecode.swift; path = ModelData.swift; sourceTree = "<group>"; };
		DE2E05E8282C0DB200D80729 /* weatherData.json */ = {isa = PBXFileReference; lastKnownFileType = text.json; path = weatherData.json; sourceTree = "<group>"; };
		DE2E05EA282C0E5B00D80729 /* Extensions.swift */ = {isa = PBXFileReference; lastKnownFileType = sourcecode.swift; path = Extensions.swift; sourceTree = "<group>"; };
		DE2E05ED282C13BF00D80729 /* WeatherRow.swift */ = {isa = PBXFileReference; lastKnownFileType = sourcecode.swift; path = WeatherRow.swift; sourceTree = "<group>"; };
/* End PBXFileReference section */

/* Begin PBXFrameworksBuildPhase section */
		DE2E05C6282C025E00D80729 /* Frameworks */ = {
			isa = PBXFrameworksBuildPhase;
			buildActionMask = 2147483647;
			files = (
			);
			runOnlyForDeploymentPostprocessing = 0;
		};
/* End PBXFrameworksBuildPhase section */

/* Begin PBXGroup section */
		DE2E05C0282C025D00D80729 = {
			isa = PBXGroup;
			children = (
				DE2E05CB282C025E00D80729 /* WeatherApp */,
				DE2E05CA282C025E00D80729 /* Products */,
			);
			sourceTree = "<group>";
		};
		DE2E05CA282C025E00D80729 /* Products */ = {
			isa = PBXGroup;
			children = (
				DE2E05C9282C025E00D80729 /* WeatherApp.app */,
			);
			name = Products;
			sourceTree = "<group>";
		};
		DE2E05CB282C025E00D80729 /* WeatherApp */ = {
			isa = PBXGroup;
			children = (
				DE2E05EC282C13B700D80729 /* Components */,
				DE2E05DD282C04DD00D80729 /* Views */,
				DE2E05DA282C034600D80729 /* Managers */,
				DE2E05CC282C025E00D80729 /* WeatherAppApp.swift */,
				DE2E05D0282C026000D80729 /* Assets.xcassets */,
				DE2E05D2282C026000D80729 /* Preview Content */,
				DE2E05EA282C0E5B00D80729 /* Extensions.swift */,
			);
			path = WeatherApp;
			sourceTree = "<group>";
		};
		DE2E05D2282C026000D80729 /* Preview Content */ = {
			isa = PBXGroup;
			children = (
				DE2E05D3282C026000D80729 /* Preview Assets.xcassets */,
				DE2E05E6282C0D8200D80729 /* ModelData.swift */,
				DE2E05E8282C0DB200D80729 /* weatherData.json */,
			);
			path = "Preview Content";
			sourceTree = "<group>";
		};
		DE2E05DA282C034600D80729 /* Managers */ = {
			isa = PBXGroup;
			children = (
				DE2E05DB282C035600D80729 /* LocationManager.swift */,
				DE2E05E2282C0A1D00D80729 /* WeatherManager.swift */,
			);
			path = Managers;
			sourceTree = "<group>";
		};
		DE2E05DD282C04DD00D80729 /* Views */ = {
			isa = PBXGroup;
			children = (
				DE2E05CE282C025E00D80729 /* ContentView.swift */,
				DE2E05DE282C051B00D80729 /* WelcomeView.swift */,
				DE2E05E0282C085900D80729 /* LoadingView.swift */,
				DE2E05E4282C0D5D00D80729 /* WeatherView.swift */,
			);
			path = Views;
			sourceTree = "<group>";
		};
		DE2E05EC282C13B700D80729 /* Components */ = {
			isa = PBXGroup;
			children = (
				DE2E05ED282C13BF00D80729 /* WeatherRow.swift */,
			);
			path = Components;
			sourceTree = "<group>";
		};
/* End PBXGroup section */

/* Begin PBXNativeTarget section */
		DE2E05C8282C025E00D80729 /* WeatherApp */ = {
			isa = PBXNativeTarget;
			buildConfigurationList = DE2E05D7282C026000D80729 /* Build configuration list for PBXNativeTarget "WeatherApp" */;
			buildPhases = (
				DE2E05C5282C025E00D80729 /* Sources */,
				DE2E05C6282C025E00D80729 /* Frameworks */,
				DE2E05C7282C025E00D80729 /* Resources */,
			);
			buildRules = (
			);
			dependencies = (
			);
			name = WeatherApp;
			productName = WeatherApp;
			productReference = DE2E05C9282C025E00D80729 /* WeatherApp.app */;
			productType = "com.apple.product-type.application";
		};
/* End PBXNativeTarget section */

/* Begin PBXProject section */
		DE2E05C1282C025D00D80729 /* Project object */ = {
			isa = PBXProject;
			attributes = {
				BuildIndependentTargetsInParallel = 1;
				LastSwiftUpdateCheck = 1320;
				LastUpgradeCheck = 1320;
				TargetAttributes = {
					DE2E05C8282C025E00D80729 = {
						CreatedOnToolsVersion = 13.2.1;
					};
				};
			};
			buildConfigurationList = DE2E05C4282C025D00D80729 /* Build configuration list for PBXProject "WeatherApp" */;
			compatibilityVersion = "Xcode 13.0";
			developmentRegion = en;
			hasScannedForEncodings = 0;
			knownRegions = (
				en,
				Base,
			);
			mainGroup = DE2E05C0282C025D00D80729;
			productRefGroup = DE2E05CA282C025E00D80729 /* Products */;
			projectDirPath = "";
			projectRoot = "";
			targets = (
				DE2E05C8282C025E00D80729 /* WeatherApp */,
			);
		};
/* End PBXProject section */

/* Begin PBXResourcesBuildPhase section */
		DE2E05C7282C025E00D80729 /* Resources */ = {
			isa = PBXResourcesBuildPhase;
			buildActionMask = 2147483647;
			files = (
				DE2E05D4282C026000D80729 /* Preview Assets.xcassets in Resources */,
				DE2E05E9282C0DB200D80729 /* weatherData.json in Resources */,
				DE2E05D1282C026000D80729 /* Assets.xcassets in Resources */,
			);
			runOnlyForDeploymentPostprocessing = 0;
		};
/* End PBXResourcesBuildPhase section */

/* Begin PBXSourcesBuildPhase section */
		DE2E05C5282C025E00D80729 /* Sources */ = {
			isa = PBXSourcesBuildPhase;
			buildActionMask = 2147483647;
			files = (
				DE2E05E3282C0A1D00D80729 /* WeatherManager.swift in Sources */,
				DE2E05EB282C0E5B00D80729 /* Extensions.swift in Sources */,
				DE2E05CF282C025E00D80729 /* ContentView.swift in Sources */,
				DE2E05CD282C025E00D80729 /* WeatherAppApp.swift in Sources */,
				DE2E05DC282C035600D80729 /* LocationManager.swift in Sources */,
				DE2E05EE282C13BF00D80729 /* WeatherRow.swift in Sources */,
				DE2E05E1282C085900D80729 /* LoadingView.swift in Sources */,
				DE2E05E7282C0D8200D80729 /* ModelData.swift in Sources */,
				DE2E05E5282C0D5D00D80729 /* WeatherView.swift in Sources */,
				DE2E05DF282C051B00D80729 /* WelcomeView.swift in Sources */,
			);
			runOnlyForDeploymentPostprocessing = 0;
		};
/* End PBXSourcesBuildPhase section */

/* Begin XCBuildConfiguration section */
		DE2E05D5282C026000D80729 /* Debug */ = {
			isa = XCBuildConfiguration;
			buildSettings = {
				ALWAYS_SEARCH_USER_PATHS = NO;
				CLANG_ANALYZER_NONNULL = YES;
				CLANG_ANALYZER_NUMBER_OBJECT_CONVERSION = YES_AGGRESSIVE;
				CLANG_CXX_LANGUAGE_STANDARD = "gnu++17";
				CLANG_CXX_LIBRARY = "libc++";
				CLANG_ENABLE_MODULES = YES;
				CLANG_ENABLE_OBJC_ARC = YES;
				CLANG_ENABLE_OBJC_WEAK = YES;
				CLANG_WARN_BLOCK_CAPTURE_AUTORELEASING = YES;
				CLANG_WARN_BOOL_CONVERSION = YES;
				CLANG_WARN_COMMA = YES;
				CLANG_WARN_CONSTANT_CONVERSION = YES;
				CLANG_WARN_DEPRECATED_OBJC_IMPLEMENTATIONS = YES;
				CLANG_WARN_DIRECT_OBJC_ISA_USAGE = YES_ERROR;
				CLANG_WARN_DOCUMENTATION_COMMENTS = YES;
				CLANG_WARN_EMPTY_BODY = YES;
				CLANG_WARN_ENUM_CONVERSION = YES;
				CLANG_WARN_INFINITE_RECURSION = YES;
				CLANG_WARN_INT_CONVERSION = YES;
				CLANG_WARN_NON_LITERAL_NULL_CONVERSION = YES;
				CLANG_WARN_OBJC_IMPLICIT_RETAIN_SELF = YES;
				CLANG_WARN_OBJC_LITERAL_CONVERSION = YES;
				CLANG_WARN_OBJC_ROOT_CLASS = YES_ERROR;
				CLANG_WARN_QUOTED_INCLUDE_IN_FRAMEWORK_HEADER = YES;
				CLANG_WARN_RANGE_LOOP_ANALYSIS = YES;
				CLANG_WARN_STRICT_PROTOTYPES = YES;
				CLANG_WARN_SUSPICIOUS_MOVE = YES;
				CLANG_WARN_UNGUARDED_AVAILABILITY = YES_AGGRESSIVE;
				CLANG_WARN_UNREACHABLE_CODE = YES;
				CLANG_WARN__DUPLICATE_METHOD_MATCH = YES;
				COPY_PHASE_STRIP = NO;
				DEBUG_INFORMATION_FORMAT = dwarf;
				ENABLE_STRICT_OBJC_MSGSEND = YES;
				ENABLE_TESTABILITY = YES;
				GCC_C_LANGUAGE_STANDARD = gnu11;
				GCC_DYNAMIC_NO_PIC = NO;
				GCC_NO_COMMON_BLOCKS = YES;
				GCC_OPTIMIZATION_LEVEL = 0;
				GCC_PREPROCESSOR_DEFINITIONS = (
					"DEBUG=1",
					"$(inherited)",
				);
				GCC_WARN_64_TO_32_BIT_CONVERSION = YES;
				GCC_WARN_ABOUT_RETURN_TYPE = YES_ERROR;
				GCC_WARN_UNDECLARED_SELECTOR = YES;
				GCC_WARN_UNINITIALIZED_AUTOS = YES_AGGRESSIVE;
				GCC_WARN_UNUSED_FUNCTION = YES;
				GCC_WARN_UNUSED_VARIABLE = YES;
				IPHONEOS_DEPLOYMENT_TARGET = 15.2;
				MTL_ENABLE_DEBUG_INFO = INCLUDE_SOURCE;
				MTL_FAST_MATH = YES;
				ONLY_ACTIVE_ARCH = YES;
				SDKROOT = iphoneos;
				SWIFT_ACTIVE_COMPILATION_CONDITIONS = DEBUG;
				SWIFT_OPTIMIZATION_LEVEL = "-Onone";
			};
			name = Debug;
		};
		DE2E05D6282C026000D80729 /* Release */ = {
			isa = XCBuildConfiguration;
			buildSettings = {
				ALWAYS_SEARCH_USER_PATHS = NO;
				CLANG_ANALYZER_NONNULL = YES;
				CLANG_ANALYZER_NUMBER_OBJECT_CONVERSION = YES_AGGRESSIVE;
				CLANG_CXX_LANGUAGE_STANDARD = "gnu++17";
				CLANG_CXX_LIBRARY = "libc++";
				CLANG_ENABLE_MODULES = YES;
				CLANG_ENABLE_OBJC_ARC = YES;
				CLANG_ENABLE_OBJC_WEAK = YES;
				CLANG_WARN_BLOCK_CAPTURE_AUTORELEASING = YES;
				CLANG_WARN_BOOL_CONVERSION = YES;
				CLANG_WARN_COMMA = YES;
				CLANG_WARN_CONSTANT_CONVERSION = YES;
				CLANG_WARN_DEPRECATED_OBJC_IMPLEMENTATIONS = YES;
				CLANG_WARN_DIRECT_OBJC_ISA_USAGE = YES_ERROR;
				CLANG_WARN_DOCUMENTATION_COMMENTS = YES;
				CLANG_WARN_EMPTY_BODY = YES;
				CLANG_WARN_ENUM_CONVERSION = YES;
				CLANG_WARN_INFINITE_RECURSION = YES;
				CLANG_WARN_INT_CONVERSION = YES;
				CLANG_WARN_NON_LITERAL_NULL_CONVERSION = YES;
				CLANG_WARN_OBJC_IMPLICIT_RETAIN_SELF = YES;
				CLANG_WARN_OBJC_LITERAL_CONVERSION = YES;
				CLANG_WARN_OBJC_ROOT_CLASS = YES_ERROR;
				CLANG_WARN_QUOTED_INCLUDE_IN_FRAMEWORK_HEADER = YES;
				CLANG_WARN_RANGE_LOOP_ANALYSIS = YES;
				CLANG_WARN_STRICT_PROTOTYPES = YES;
				CLANG_WARN_SUSPICIOUS_MOVE = YES;
				CLANG_WARN_UNGUARDED_AVAILABILITY = YES_AGGRESSIVE;
				CLANG_WARN_UNREACHABLE_CODE = YES;
				CLANG_WARN__DUPLICATE_METHOD_MATCH = YES;
				COPY_PHASE_STRIP = NO;
				DEBUG_INFORMATION_FORMAT = "dwarf-with-dsym";
				ENABLE_NS_ASSERTIONS = NO;
				ENABLE_STRICT_OBJC_MSGSEND = YES;
				GCC_C_LANGUAGE_STANDARD = gnu11;
				GCC_NO_COMMON_BLOCKS = YES;
				GCC_WARN_64_TO_32_BIT_CONVERSION = YES;
				GCC_WARN_ABOUT_RETURN_TYPE = YES_ERROR;
				GCC_WARN_UNDECLARED_SELECTOR = YES;
				GCC_WARN_UNINITIALIZED_AUTOS = YES_AGGRESSIVE;
				GCC_WARN_UNUSED_FUNCTION = YES;
				GCC_WARN_UNUSED_VARIABLE = YES;
				IPHONEOS_DEPLOYMENT_TARGET = 15.2;
				MTL_ENABLE_DEBUG_INFO = NO;
				MTL_FAST_MATH = YES;
				SDKROOT = iphoneos;
				SWIFT_COMPILATION_MODE = wholemodule;
				SWIFT_OPTIMIZATION_LEVEL = "-O";
				VALIDATE_PRODUCT = YES;
			};
			name = Release;
		};
		DE2E05D8282C026000D80729 /* Debug */ = {
			isa = XCBuildConfiguration;
			buildSettings = {
				ASSETCATALOG_COMPILER_APPICON_NAME = AppIcon;
				ASSETCATALOG_COMPILER_GLOBAL_ACCENT_COLOR_NAME = AccentColor;
				CODE_SIGN_STYLE = Automatic;
				CURRENT_PROJECT_VERSION = 1;
				DEVELOPMENT_ASSET_PATHS = "\"WeatherApp/Preview Content\"";
				DEVELOPMENT_TEAM = 7CRNJ953YN;
				ENABLE_PREVIEWS = YES;
				GENERATE_INFOPLIST_FILE = YES;
				INFOPLIST_KEY_UIApplicationSceneManifest_Generation = YES;
				INFOPLIST_KEY_UIApplicationSupportsIndirectInputEvents = YES;
				INFOPLIST_KEY_UILaunchScreen_Generation = YES;
				INFOPLIST_KEY_UISupportedInterfaceOrientations_iPad = "UIInterfaceOrientationPortrait UIInterfaceOrientationPortraitUpsideDown UIInterfaceOrientationLandscapeLeft UIInterfaceOrientationLandscapeRight";
				INFOPLIST_KEY_UISupportedInterfaceOrientations_iPhone = "UIInterfaceOrientationPortrait UIInterfaceOrientationLandscapeLeft UIInterfaceOrientationLandscapeRight";
				LD_RUNPATH_SEARCH_PATHS = (
					"$(inherited)",
					"@executable_path/Frameworks",
				);
				MARKETING_VERSION = 1.0;
				PRODUCT_BUNDLE_IDENTIFIER = com.omerKilicaslan.WeatherApp;
				PRODUCT_NAME = "$(TARGET_NAME)";
				SWIFT_EMIT_LOC_STRINGS = YES;
				SWIFT_VERSION = 5.0;
				TARGETED_DEVICE_FAMILY = "1,2";
			};
			name = Debug;
		};
		DE2E05D9282C026000D80729 /* Release */ = {
			isa = XCBuildConfiguration;
			buildSettings = {
				ASSETCATALOG_COMPILER_APPICON_NAME = AppIcon;
				ASSETCATALOG_COMPILER_GLOBAL_ACCENT_COLOR_NAME = AccentColor;
				CODE_SIGN_STYLE = Automatic;
				CURRENT_PROJECT_VERSION = 1;
				DEVELOPMENT_ASSET_PATHS = "\"WeatherApp/Preview Content\"";
				DEVELOPMENT_TEAM = 7CRNJ953YN;
				ENABLE_PREVIEWS = YES;
				GENERATE_INFOPLIST_FILE = YES;
				INFOPLIST_KEY_UIApplicationSceneManifest_Generation = YES;
				INFOPLIST_KEY_UIApplicationSupportsIndirectInputEvents = YES;
				INFOPLIST_KEY_UILaunchScreen_Generation = YES;
				INFOPLIST_KEY_UISupportedInterfaceOrientations_iPad = "UIInterfaceOrientationPortrait UIInterfaceOrientationPortraitUpsideDown UIInterfaceOrientationLandscapeLeft UIInterfaceOrientationLandscapeRight";
				INFOPLIST_KEY_UISupportedInterfaceOrientations_iPhone = "UIInterfaceOrientationPortrait UIInterfaceOrientationLandscapeLeft UIInterfaceOrientationLandscapeRight";
				LD_RUNPATH_SEARCH_PATHS = (
					"$(inherited)",
					"@executable_path/Frameworks",
				);
				MARKETING_VERSION = 1.0;
				PRODUCT_BUNDLE_IDENTIFIER = com.omerKilicaslan.WeatherApp;
				PRODUCT_NAME = "$(TARGET_NAME)";
				SWIFT_EMIT_LOC_STRINGS = YES;
				SWIFT_VERSION = 5.0;
				TARGETED_DEVICE_FAMILY = "1,2";
			};
			name = Release;
		};
/* End XCBuildConfiguration section */

/* Begin XCConfigurationList section */
		DE2E05C4282C025D00D80729 /* Build configuration list for PBXProject "WeatherApp" */ = {
			isa = XCConfigurationList;
			buildConfigurations = (
				DE2E05D5282C026000D80729 /* Debug */,
				DE2E05D6282C026000D80729 /* Release */,
			);
			defaultConfigurationIsVisible = 0;
			defaultConfigurationName = Release;
		};
		DE2E05D7282C026000D80729 /* Build configuration list for PBXNativeTarget "WeatherApp" */ = {
			isa = XCConfigurationList;
			buildConfigurations = (
				DE2E05D8282C026000D80729 /* Debug */,
				DE2E05D9282C026000D80729 /* Release */,
			);
			defaultConfigurationIsVisible = 0;
			defaultConfigurationName = Release;
		};
/* End XCConfigurationList section */
	};
	rootObject = DE2E05C1282C025D00D80729 /* Project object */;
}
